
Microsoft Visual Studio Solution File, Format Version 12.00
# Visual Studio 15
VisualStudioVersion = 15.0.27703.2035
MinimumVisualStudioVersion = 10.0.40219.1
Project("{F2A71F9B-5D33-465A-A702-920D77279786}") = "Rias.Domain", "Rias.Domain\Rias.Domain.fsproj", "{F737BCFC-CB7B-477A-9651-BCB19B720A9C}"
EndProject
Global
	GlobalSection(SolutionConfigurationPlatforms) = preSolution
		Debug|Any CPU = Debug|Any CPU
		Release|Any CPU = Release|Any CPU
	EndGlobalSection
	GlobalSection(ProjectConfigurationPlatforms) = postSolution
		{F737BCFC-CB7B-477A-9651-BCB19B720A9C}.Debug|Any CPU.ActiveCfg = Debug|Any CPU
		{F737BCFC-CB7B-477A-9651-BCB19B720A9C}.Debug|Any CPU.Build.0 = Debug|Any CPU
		{F737BCFC-CB7B-477A-9651-BCB19B720A9C}.Release|Any CPU.ActiveCfg = Release|Any CPU
		{F737BCFC-CB7B-477A-9651-BCB19B720A9C}.Release|Any CPU.Build.0 = Release|Any CPU
	EndGlobalSection
	GlobalSection(SolutionProperties) = preSolution
		HideSolutionNode = FALSE
	EndGlobalSection
	GlobalSection(ExtensibilityGlobals) = postSolution
		SolutionGuid = {CDCE6051-393B-4158-9104-7F04A42A6988}
	EndGlobalSection
EndGlobal
