
Microsoft Visual Studio Solution File, Format Version 12.00
# Visual Studio 15
VisualStudioVersion = 15.0.27703.2035
MinimumVisualStudioVersion = 10.0.40219.1
Project("{6EC3EE1D-3C4E-46DD-8F32-0CC8E7565705}") = "Rias.Domain", "Rias.Domain\Rias.Domain.fsproj", "{F737BCFC-CB7B-477A-9651-BCB19B720A9C}"
EndProject
Project("{6EC3EE1D-3C4E-46DD-8F32-0CC8E7565705}") = "Rias.Contract", "Rias.Contract\Rias.Contract.fsproj", "{8E44E9D8-C320-4214-8989-2B9044000CA5}"
EndProject
Project("{6EC3EE1D-3C4E-46DD-8F32-0CC8E7565705}") = "Rias.Persistence", "Rias.Persistence\Rias.Persistence.fsproj", "{B84016DB-ECB8-44B6-9D6B-1B6F1F74F7E9}"
EndProject
Global
	GlobalSection(SolutionConfigurationPlatforms) = preSolution
		Debug|Any CPU = Debug|Any CPU
		Release|Any CPU = Release|Any CPU
	EndGlobalSection
	GlobalSection(ProjectConfigurationPlatforms) = postSolution
		{F737BCFC-CB7B-477A-9651-BCB19B720A9C}.Debug|Any CPU.ActiveCfg = Debug|Any CPU
		{F737BCFC-CB7B-477A-9651-BCB19B720A9C}.Debug|Any CPU.Build.0 = Debug|Any CPU
		{F737BCFC-CB7B-477A-9651-BCB19B720A9C}.Release|Any CPU.ActiveCfg = Release|Any CPU
		{F737BCFC-CB7B-477A-9651-BCB19B720A9C}.Release|Any CPU.Build.0 = Release|Any CPU
		{8E44E9D8-C320-4214-8989-2B9044000CA5}.Debug|Any CPU.ActiveCfg = Debug|Any CPU
		{8E44E9D8-C320-4214-8989-2B9044000CA5}.Debug|Any CPU.Build.0 = Debug|Any CPU
		{8E44E9D8-C320-4214-8989-2B9044000CA5}.Release|Any CPU.ActiveCfg = Release|Any CPU
		{8E44E9D8-C320-4214-8989-2B9044000CA5}.Release|Any CPU.Build.0 = Release|Any CPU
		{B84016DB-ECB8-44B6-9D6B-1B6F1F74F7E9}.Debug|Any CPU.ActiveCfg = Debug|Any CPU
		{B84016DB-ECB8-44B6-9D6B-1B6F1F74F7E9}.Debug|Any CPU.Build.0 = Debug|Any CPU
		{B84016DB-ECB8-44B6-9D6B-1B6F1F74F7E9}.Release|Any CPU.ActiveCfg = Release|Any CPU
		{B84016DB-ECB8-44B6-9D6B-1B6F1F74F7E9}.Release|Any CPU.Build.0 = Release|Any CPU
	EndGlobalSection
	GlobalSection(SolutionProperties) = preSolution
		HideSolutionNode = FALSE
	EndGlobalSection
	GlobalSection(ExtensibilityGlobals) = postSolution
		SolutionGuid = {CDCE6051-393B-4158-9104-7F04A42A6988}
	EndGlobalSection
EndGlobal
